
Microsoft Visual Studio Solution File, Format Version 12.00
# Visual Studio Version 16
VisualStudioVersion = 16.0.29215.179
MinimumVisualStudioVersion = 10.0.40219.1
Project("{FAE04EC0-301F-11D3-BF4B-00C04F79EFBC}") = "BugTracker", "BugTracker\BugTracker.csproj", "{C20078FE-0BE1-48C6-A5D0-024F1D569F1B}"
EndProject
Global
	GlobalSection(SolutionConfigurationPlatforms) = preSolution
		Debug|Any CPU = Debug|Any CPU
		Release|Any CPU = Release|Any CPU
	EndGlobalSection
	GlobalSection(ProjectConfigurationPlatforms) = postSolution
		{C20078FE-0BE1-48C6-A5D0-024F1D569F1B}.Debug|Any CPU.ActiveCfg = Debug|Any CPU
		{C20078FE-0BE1-48C6-A5D0-024F1D569F1B}.Debug|Any CPU.Build.0 = Debug|Any CPU
		{C20078FE-0BE1-48C6-A5D0-024F1D569F1B}.Release|Any CPU.ActiveCfg = Release|Any CPU
		{C20078FE-0BE1-48C6-A5D0-024F1D569F1B}.Release|Any CPU.Build.0 = Release|Any CPU
	EndGlobalSection
	GlobalSection(SolutionProperties) = preSolution
		HideSolutionNode = FALSE
	EndGlobalSection
	GlobalSection(ExtensibilityGlobals) = postSolution
		SolutionGuid = {671BBF0E-CC12-4AEC-ABCF-88669C79D013}
	EndGlobalSection
EndGlobal
